
Microsoft Visual Studio Solution File, Format Version 12.00
# Visual Studio Version 17
VisualStudioVersion = 17.5.002.0
MinimumVisualStudioVersion = 10.0.40219.1
Project("{9A19103F-16F7-4668-BE54-9A1E7A4F7556}") = "MyFunction", "MyFunction.csproj", "{0A71FFD6-C280-4F7C-988F-58DF0EEB5C65}"
EndProject
Global
	GlobalSection(SolutionConfigurationPlatforms) = preSolution
		Debug|Any CPU = Debug|Any CPU
		Release|Any CPU = Release|Any CPU
	EndGlobalSection
	GlobalSection(ProjectConfigurationPlatforms) = postSolution
		{0A71FFD6-C280-4F7C-988F-58DF0EEB5C65}.Debug|Any CPU.ActiveCfg = Debug|Any CPU
		{0A71FFD6-C280-4F7C-988F-58DF0EEB5C65}.Debug|Any CPU.Build.0 = Debug|Any CPU
		{0A71FFD6-C280-4F7C-988F-58DF0EEB5C65}.Release|Any CPU.ActiveCfg = Release|Any CPU
		{0A71FFD6-C280-4F7C-988F-58DF0EEB5C65}.Release|Any CPU.Build.0 = Release|Any CPU
	EndGlobalSection
	GlobalSection(SolutionProperties) = preSolution
		HideSolutionNode = FALSE
	EndGlobalSection
	GlobalSection(ExtensibilityGlobals) = postSolution
		SolutionGuid = {E69DE272-C0B2-4496-A3F9-72A47C47E980}
	EndGlobalSection
EndGlobal
